
Microsoft Visual Studio Solution File, Format Version 12.00
# Visual Studio Version 17
VisualStudioVersion = 17.1.32210.238
MinimumVisualStudioVersion = 10.0.40219.1
Project("{FAE04EC0-301F-11D3-BF4B-00C04F79EFBC}") = "test_test", "test_test\test_test.csproj", "{169936CB-CFD1-432D-A173-6C2E76157655}"
EndProject
Global
	GlobalSection(SolutionConfigurationPlatforms) = preSolution
		Debug|Any CPU = Debug|Any CPU
		Release|Any CPU = Release|Any CPU
	EndGlobalSection
	GlobalSection(ProjectConfigurationPlatforms) = postSolution
		{169936CB-CFD1-432D-A173-6C2E76157655}.Debug|Any CPU.ActiveCfg = Debug|Any CPU
		{169936CB-CFD1-432D-A173-6C2E76157655}.Debug|Any CPU.Build.0 = Debug|Any CPU
		{169936CB-CFD1-432D-A173-6C2E76157655}.Release|Any CPU.ActiveCfg = Release|Any CPU
		{169936CB-CFD1-432D-A173-6C2E76157655}.Release|Any CPU.Build.0 = Release|Any CPU
	EndGlobalSection
	GlobalSection(SolutionProperties) = preSolution
		HideSolutionNode = FALSE
	EndGlobalSection
	GlobalSection(ExtensibilityGlobals) = postSolution
		SolutionGuid = {40E93EEB-EACB-477E-82D0-92C43A88C5E3}
	EndGlobalSection
EndGlobal
